
Microsoft Visual Studio Solution File, Format Version 12.00
# Visual Studio 2013
VisualStudioVersion = 12.0.21005.1
MinimumVisualStudioVersion = 10.0.40219.1
Project("{FAE04EC0-301F-11D3-BF4B-00C04F79EFBC}") = "XamaDataLayer", "XamaDataLayer\XamaDataLayer.csproj", "{4BEDEEA4-6C5C-492D-8C7B-0366D5BB9C41}"
EndProject
Project("{FAE04EC0-301F-11D3-BF4B-00C04F79EFBC}") = "Bylsan System", "Bylsan System\Bylsan System.csproj", "{2CB66512-78A0-4BC7-869B-0A9E5886DA66}"
EndProject
Global
	GlobalSection(SolutionConfigurationPlatforms) = preSolution
		Debug|Any CPU = Debug|Any CPU
		Release|Any CPU = Release|Any CPU
	EndGlobalSection
	GlobalSection(ProjectConfigurationPlatforms) = postSolution
		{4BEDEEA4-6C5C-492D-8C7B-0366D5BB9C41}.Debug|Any CPU.ActiveCfg = Debug|Any CPU
		{4BEDEEA4-6C5C-492D-8C7B-0366D5BB9C41}.Debug|Any CPU.Build.0 = Debug|Any CPU
		{4BEDEEA4-6C5C-492D-8C7B-0366D5BB9C41}.Release|Any CPU.ActiveCfg = Release|Any CPU
		{4BEDEEA4-6C5C-492D-8C7B-0366D5BB9C41}.Release|Any CPU.Build.0 = Release|Any CPU
		{2CB66512-78A0-4BC7-869B-0A9E5886DA66}.Debug|Any CPU.ActiveCfg = Debug|Any CPU
		{2CB66512-78A0-4BC7-869B-0A9E5886DA66}.Debug|Any CPU.Build.0 = Debug|Any CPU
		{2CB66512-78A0-4BC7-869B-0A9E5886DA66}.Release|Any CPU.ActiveCfg = Release|Any CPU
		{2CB66512-78A0-4BC7-869B-0A9E5886DA66}.Release|Any CPU.Build.0 = Release|Any CPU
	EndGlobalSection
	GlobalSection(SolutionProperties) = preSolution
		HideSolutionNode = FALSE
	EndGlobalSection
EndGlobal
